
Microsoft Visual Studio Solution File, Format Version 12.00
# Visual Studio Version 17
VisualStudioVersion = 17.5.33424.131
MinimumVisualStudioVersion = 10.0.40219.1
Project("{FAE04EC0-301F-11D3-BF4B-00C04F79EFBC}") = "jenkins-core", "jenkins-core\jenkins-core.csproj", "{45398413-C7C1-4CBB-B45F-953E982ABCBA}"
EndProject
Global
	GlobalSection(SolutionConfigurationPlatforms) = preSolution
		Debug|Any CPU = Debug|Any CPU
		Release|Any CPU = Release|Any CPU
	EndGlobalSection
	GlobalSection(ProjectConfigurationPlatforms) = postSolution
		{45398413-C7C1-4CBB-B45F-953E982ABCBA}.Debug|Any CPU.ActiveCfg = Debug|Any CPU
		{45398413-C7C1-4CBB-B45F-953E982ABCBA}.Debug|Any CPU.Build.0 = Debug|Any CPU
		{45398413-C7C1-4CBB-B45F-953E982ABCBA}.Release|Any CPU.ActiveCfg = Release|Any CPU
		{45398413-C7C1-4CBB-B45F-953E982ABCBA}.Release|Any CPU.Build.0 = Release|Any CPU
	EndGlobalSection
	GlobalSection(SolutionProperties) = preSolution
		HideSolutionNode = FALSE
	EndGlobalSection
	GlobalSection(ExtensibilityGlobals) = postSolution
		SolutionGuid = {0599B1CC-CE1E-4E8B-BCEF-DB403AAF290B}
	EndGlobalSection
EndGlobal
